
Microsoft Visual Studio Solution File, Format Version 12.00
# Visual Studio 15
VisualStudioVersion = 15.0.28010.2003
MinimumVisualStudioVersion = 10.0.40219.1
Project("{8BC9CEB8-8B4A-11D0-8D11-00A0C91BC942}") = "filatov_tree", "filatov_tree\filatov_tree.vcxproj", "{7E7FFDEE-1860-4CEE-BD7C-5D348F8123A8}"
EndProject
Global
	GlobalSection(SolutionConfigurationPlatforms) = preSolution
		Debug|x64 = Debug|x64
		Debug|x86 = Debug|x86
		Release|x64 = Release|x64
		Release|x86 = Release|x86
	EndGlobalSection
	GlobalSection(ProjectConfigurationPlatforms) = postSolution
		{7E7FFDEE-1860-4CEE-BD7C-5D348F8123A8}.Debug|x64.ActiveCfg = Debug|x64
		{7E7FFDEE-1860-4CEE-BD7C-5D348F8123A8}.Debug|x64.Build.0 = Debug|x64
		{7E7FFDEE-1860-4CEE-BD7C-5D348F8123A8}.Debug|x86.ActiveCfg = Debug|Win32
		{7E7FFDEE-1860-4CEE-BD7C-5D348F8123A8}.Debug|x86.Build.0 = Debug|Win32
		{7E7FFDEE-1860-4CEE-BD7C-5D348F8123A8}.Release|x64.ActiveCfg = Release|x64
		{7E7FFDEE-1860-4CEE-BD7C-5D348F8123A8}.Release|x64.Build.0 = Release|x64
		{7E7FFDEE-1860-4CEE-BD7C-5D348F8123A8}.Release|x86.ActiveCfg = Release|Win32
		{7E7FFDEE-1860-4CEE-BD7C-5D348F8123A8}.Release|x86.Build.0 = Release|Win32
	EndGlobalSection
	GlobalSection(SolutionProperties) = preSolution
		HideSolutionNode = FALSE
	EndGlobalSection
	GlobalSection(ExtensibilityGlobals) = postSolution
		SolutionGuid = {95DD0BF8-ACC8-4E6F-8FC2-B24ED2EA8471}
	EndGlobalSection
EndGlobal
