<?xml version="1.0" encoding="utf-8"?>
<Project ToolsVersion="4.0" xmlns="http://schemas.microsoft.com/developer/msbuild/2003">
  <ItemGroup>
    <Filter Include="Classes">
      <UniqueIdentifier>{2c52bfe5-e56e-4d49-aaf4-073bb5be873c}</UniqueIdentifier>
    </Filter>
    <Filter Include="Sources">
      <UniqueIdentifier>{7ac786b8-dd96-46f0-b355-0ddcc1aa1d1a}</UniqueIdentifier>
    </Filter>
  </ItemGroup>
  <ItemGroup>
    <ClCompile Include="main.cpp">
      <Filter>Sources</Filter>
    </ClCompile>
    <ClCompile Include="C_Tree.cpp">
      <Filter>Classes</Filter>
    </ClCompile>
  </ItemGroup>
  <ItemGroup>
    <ClInclude Include="IncludeSystem.h">
      <Filter>Sources</Filter>
    </ClInclude>
    <ClInclude Include="C_Tree.h">
      <Filter>Classes</Filter>
    </ClInclude>
  </ItemGroup>
</Project>